
Microsoft Visual Studio Solution File, Format Version 12.00
# Visual Studio Version 17
VisualStudioVersion = 17.7.34024.191
MinimumVisualStudioVersion = 10.0.40219.1
Project("{2150E333-8FDC-42A3-9474-1A3956D46DE8}") = "ShopManagement", "ShopManagement", "{DEEA8121-017F-4A4B-A325-9BEB6BF9C4B1}"
EndProject
Project("{2150E333-8FDC-42A3-9474-1A3956D46DE8}") = "SM.Domain", "SM.Domain", "{82831A7E-74D4-4197-ABAA-3A85BF818E58}"
EndProject
Project("{9A19103F-16F7-4668-BE54-9A1E7A4F7556}") = "ShopManagement.Domain", "ShopManagement.Domain\ShopManagement.Domain.csproj", "{C73D8813-9195-4F7B-92E6-1E6582451B02}"
EndProject
Project("{9A19103F-16F7-4668-BE54-9A1E7A4F7556}") = "0_Framework", "0_Framework\0_Framework.csproj", "{4D0D49DA-BCF9-40F8-B144-3B576C1CFD02}"
EndProject
Project("{2150E333-8FDC-42A3-9474-1A3956D46DE8}") = "SM.Application", "SM.Application", "{91569F12-055E-4DFC-8D43-65FE4CAF0228}"
EndProject
Project("{9A19103F-16F7-4668-BE54-9A1E7A4F7556}") = "ShopManagement.Application.Contracts", "ShopManagement.Application.Contracts\ShopManagement.Application.Contracts.csproj", "{23043256-24A8-460B-804C-158D5F99464A}"
EndProject
Project("{9A19103F-16F7-4668-BE54-9A1E7A4F7556}") = "ShopManagement.Application", "ShopManagement.Application\ShopManagement.Application.csproj", "{51DB36C3-8716-411D-A5CB-17EC67DA40F3}"
EndProject
Project("{2150E333-8FDC-42A3-9474-1A3956D46DE8}") = "SM.Infrastructure", "SM.Infrastructure", "{08943222-3ED5-4967-BEA2-888D8FCE1A06}"
EndProject
Project("{9A19103F-16F7-4668-BE54-9A1E7A4F7556}") = "ShopManagement.Infrastructure.EFCore", "ShopManagement.Infrastructure.EFCore\ShopManagement.Infrastructure.EFCore.csproj", "{89D730DA-5522-42CC-92B9-E7B0930772B7}"
EndProject
Project("{9A19103F-16F7-4668-BE54-9A1E7A4F7556}") = "ShopManagement.Configurations", "ShopManagement.Configurations\ShopManagement.Configurations.csproj", "{BEB00A01-22A8-4B7C-8F42-8EB2587DC564}"
EndProject
Project("{9A19103F-16F7-4668-BE54-9A1E7A4F7556}") = "ServiceHost", "ServiceHost\ServiceHost.csproj", "{2C41BF9B-F33C-4008-B00F-9C3BE5DA74E4}"
EndProject
Project("{9A19103F-16F7-4668-BE54-9A1E7A4F7556}") = "01_LampshadeQuerys", "01_LampshadeQuerys\01_LampshadeQuerys.csproj", "{25177754-217F-4DAF-B15B-BEA93F20B767}"
EndProject
Project("{2150E333-8FDC-42A3-9474-1A3956D46DE8}") = "DiscountManagement", "DiscountManagement", "{2503B735-93E5-48F2-8730-787BC1FABFD3}"
EndProject
Project("{2150E333-8FDC-42A3-9474-1A3956D46DE8}") = "DM.Domain", "DM.Domain", "{35EDA94D-4A1D-4721-B5E1-ED30E7C5D19D}"
EndProject
Project("{2150E333-8FDC-42A3-9474-1A3956D46DE8}") = "DM.Infrastructure", "DM.Infrastructure", "{48FF4D32-298C-4949-9825-323705425E65}"
EndProject
Project("{2150E333-8FDC-42A3-9474-1A3956D46DE8}") = "DM.Application", "DM.Application", "{8545A72A-9E5C-4D2D-8AAF-C64E770E2391}"
EndProject
Project("{9A19103F-16F7-4668-BE54-9A1E7A4F7556}") = "DiscountManagement.Domain", "DiscountManagement.Domain\DiscountManagement.Domain.csproj", "{82FD4929-2276-4EDB-AEDB-0040925CEE8C}"
EndProject
Project("{9A19103F-16F7-4668-BE54-9A1E7A4F7556}") = "DiscountManagement.Application", "DiscountManagement.Application\DiscountManagement.Application.csproj", "{775E2BB8-8294-4442-9E8E-8294DE0BC619}"
EndProject
Project("{9A19103F-16F7-4668-BE54-9A1E7A4F7556}") = "DiscountManagement.Application.Contract", "DiscountManagement.Application.Contract\DiscountManagement.Application.Contract.csproj", "{A191426C-345B-40F4-A2E5-EC807F3FCEA3}"
EndProject
Project("{9A19103F-16F7-4668-BE54-9A1E7A4F7556}") = "DiscountManagement.Infrastructure.EFCore", "DiscountManagement.Infrastructure.EFCore\DiscountManagement.Infrastructure.EFCore.csproj", "{49818C1D-699F-4B17-A212-E1A883B53236}"
EndProject
Project("{9A19103F-16F7-4668-BE54-9A1E7A4F7556}") = "DiscountManagement.Configuration", "DiscountManagement.Configuration\DiscountManagement.Configuration.csproj", "{DE604945-B072-4BBD-8AA0-2EC2A4A52C1D}"
EndProject
Project("{2150E333-8FDC-42A3-9474-1A3956D46DE8}") = "InventoryManagement", "InventoryManagement", "{0390F8CB-C25B-4FA0-9870-8713A36183D9}"
EndProject
Project("{2150E333-8FDC-42A3-9474-1A3956D46DE8}") = "IM.Domain", "IM.Domain", "{56A41943-4E8E-4131-A876-9B48F5AF3BCD}"
EndProject
Project("{FAE04EC0-301F-11D3-BF4B-00C04F79EFBC}") = "InventoryManagement.Domain", "InventoryManagement.Domain\InventoryManagement.Domain.csproj", "{015FFEA0-684D-4D71-8045-CF3B3A9450BB}"
EndProject
Project("{2150E333-8FDC-42A3-9474-1A3956D46DE8}") = "IM.Application", "IM.Application", "{B44D763D-FFEF-45F8-BC51-F8AAACC5080D}"
EndProject
Project("{2150E333-8FDC-42A3-9474-1A3956D46DE8}") = "IM.Infrastructure", "IM.Infrastructure", "{41D88B43-15B6-4E6A-AB8E-9D754EDC0F7E}"
EndProject
Project("{FAE04EC0-301F-11D3-BF4B-00C04F79EFBC}") = "InventoryManagement.Application", "InventoryManagement.Application\InventoryManagement.Application.csproj", "{C5813FFC-CBE2-4A60-B420-907F6F66C725}"
EndProject
Project("{FAE04EC0-301F-11D3-BF4B-00C04F79EFBC}") = "InventoryManagement.Application.Contract", "InventoryManagement.Application.Contract\InventoryManagement.Application.Contract.csproj", "{D03ED405-6085-4C81-A0BE-C1B046E57316}"
EndProject
Project("{FAE04EC0-301F-11D3-BF4B-00C04F79EFBC}") = "InventoryMangement.Infrastructure.EFCore", "InventoryMangement.Infrastructure.EFCore\InventoryMangement.Infrastructure.EFCore.csproj", "{2E7A3F29-5D83-4316-98C4-EEE5CF0B9B3D}"
EndProject
Project("{FAE04EC0-301F-11D3-BF4B-00C04F79EFBC}") = "InventoryManagement.Infrastructure.Configuration", "InventoryManagement.Infrastructure.Configuration\InventoryManagement.Infrastructure.Configuration.csproj", "{AE326710-21D6-49FD-8E18-DF9BC9C2E119}"
EndProject
Global
	GlobalSection(SolutionConfigurationPlatforms) = preSolution
		Debug|Any CPU = Debug|Any CPU
		Release|Any CPU = Release|Any CPU
	EndGlobalSection
	GlobalSection(ProjectConfigurationPlatforms) = postSolution
		{C73D8813-9195-4F7B-92E6-1E6582451B02}.Debug|Any CPU.ActiveCfg = Debug|Any CPU
		{C73D8813-9195-4F7B-92E6-1E6582451B02}.Debug|Any CPU.Build.0 = Debug|Any CPU
		{C73D8813-9195-4F7B-92E6-1E6582451B02}.Release|Any CPU.ActiveCfg = Release|Any CPU
		{C73D8813-9195-4F7B-92E6-1E6582451B02}.Release|Any CPU.Build.0 = Release|Any CPU
		{4D0D49DA-BCF9-40F8-B144-3B576C1CFD02}.Debug|Any CPU.ActiveCfg = Debug|Any CPU
		{4D0D49DA-BCF9-40F8-B144-3B576C1CFD02}.Debug|Any CPU.Build.0 = Debug|Any CPU
		{4D0D49DA-BCF9-40F8-B144-3B576C1CFD02}.Release|Any CPU.ActiveCfg = Release|Any CPU
		{4D0D49DA-BCF9-40F8-B144-3B576C1CFD02}.Release|Any CPU.Build.0 = Release|Any CPU
		{23043256-24A8-460B-804C-158D5F99464A}.Debug|Any CPU.ActiveCfg = Debug|Any CPU
		{23043256-24A8-460B-804C-158D5F99464A}.Debug|Any CPU.Build.0 = Debug|Any CPU
		{23043256-24A8-460B-804C-158D5F99464A}.Release|Any CPU.ActiveCfg = Release|Any CPU
		{23043256-24A8-460B-804C-158D5F99464A}.Release|Any CPU.Build.0 = Release|Any CPU
		{51DB36C3-8716-411D-A5CB-17EC67DA40F3}.Debug|Any CPU.ActiveCfg = Debug|Any CPU
		{51DB36C3-8716-411D-A5CB-17EC67DA40F3}.Debug|Any CPU.Build.0 = Debug|Any CPU
		{51DB36C3-8716-411D-A5CB-17EC67DA40F3}.Release|Any CPU.ActiveCfg = Release|Any CPU
		{51DB36C3-8716-411D-A5CB-17EC67DA40F3}.Release|Any CPU.Build.0 = Release|Any CPU
		{89D730DA-5522-42CC-92B9-E7B0930772B7}.Debug|Any CPU.ActiveCfg = Debug|Any CPU
		{89D730DA-5522-42CC-92B9-E7B0930772B7}.Debug|Any CPU.Build.0 = Debug|Any CPU
		{89D730DA-5522-42CC-92B9-E7B0930772B7}.Release|Any CPU.ActiveCfg = Release|Any CPU
		{89D730DA-5522-42CC-92B9-E7B0930772B7}.Release|Any CPU.Build.0 = Release|Any CPU
		{BEB00A01-22A8-4B7C-8F42-8EB2587DC564}.Debug|Any CPU.ActiveCfg = Debug|Any CPU
		{BEB00A01-22A8-4B7C-8F42-8EB2587DC564}.Debug|Any CPU.Build.0 = Debug|Any CPU
		{BEB00A01-22A8-4B7C-8F42-8EB2587DC564}.Release|Any CPU.ActiveCfg = Release|Any CPU
		{BEB00A01-22A8-4B7C-8F42-8EB2587DC564}.Release|Any CPU.Build.0 = Release|Any CPU
		{2C41BF9B-F33C-4008-B00F-9C3BE5DA74E4}.Debug|Any CPU.ActiveCfg = Debug|Any CPU
		{2C41BF9B-F33C-4008-B00F-9C3BE5DA74E4}.Debug|Any CPU.Build.0 = Debug|Any CPU
		{2C41BF9B-F33C-4008-B00F-9C3BE5DA74E4}.Release|Any CPU.ActiveCfg = Release|Any CPU
		{2C41BF9B-F33C-4008-B00F-9C3BE5DA74E4}.Release|Any CPU.Build.0 = Release|Any CPU
		{25177754-217F-4DAF-B15B-BEA93F20B767}.Debug|Any CPU.ActiveCfg = Debug|Any CPU
		{25177754-217F-4DAF-B15B-BEA93F20B767}.Debug|Any CPU.Build.0 = Debug|Any CPU
		{25177754-217F-4DAF-B15B-BEA93F20B767}.Release|Any CPU.ActiveCfg = Release|Any CPU
		{25177754-217F-4DAF-B15B-BEA93F20B767}.Release|Any CPU.Build.0 = Release|Any CPU
		{82FD4929-2276-4EDB-AEDB-0040925CEE8C}.Debug|Any CPU.ActiveCfg = Debug|Any CPU
		{82FD4929-2276-4EDB-AEDB-0040925CEE8C}.Debug|Any CPU.Build.0 = Debug|Any CPU
		{82FD4929-2276-4EDB-AEDB-0040925CEE8C}.Release|Any CPU.ActiveCfg = Release|Any CPU
		{82FD4929-2276-4EDB-AEDB-0040925CEE8C}.Release|Any CPU.Build.0 = Release|Any CPU
		{775E2BB8-8294-4442-9E8E-8294DE0BC619}.Debug|Any CPU.ActiveCfg = Debug|Any CPU
		{775E2BB8-8294-4442-9E8E-8294DE0BC619}.Debug|Any CPU.Build.0 = Debug|Any CPU
		{775E2BB8-8294-4442-9E8E-8294DE0BC619}.Release|Any CPU.ActiveCfg = Release|Any CPU
		{775E2BB8-8294-4442-9E8E-8294DE0BC619}.Release|Any CPU.Build.0 = Release|Any CPU
		{A191426C-345B-40F4-A2E5-EC807F3FCEA3}.Debug|Any CPU.ActiveCfg = Debug|Any CPU
		{A191426C-345B-40F4-A2E5-EC807F3FCEA3}.Debug|Any CPU.Build.0 = Debug|Any CPU
		{A191426C-345B-40F4-A2E5-EC807F3FCEA3}.Release|Any CPU.ActiveCfg = Release|Any CPU
		{A191426C-345B-40F4-A2E5-EC807F3FCEA3}.Release|Any CPU.Build.0 = Release|Any CPU
		{49818C1D-699F-4B17-A212-E1A883B53236}.Debug|Any CPU.ActiveCfg = Debug|Any CPU
		{49818C1D-699F-4B17-A212-E1A883B53236}.Debug|Any CPU.Build.0 = Debug|Any CPU
		{49818C1D-699F-4B17-A212-E1A883B53236}.Release|Any CPU.ActiveCfg = Release|Any CPU
		{49818C1D-699F-4B17-A212-E1A883B53236}.Release|Any CPU.Build.0 = Release|Any CPU
		{DE604945-B072-4BBD-8AA0-2EC2A4A52C1D}.Debug|Any CPU.ActiveCfg = Debug|Any CPU
		{DE604945-B072-4BBD-8AA0-2EC2A4A52C1D}.Debug|Any CPU.Build.0 = Debug|Any CPU
		{DE604945-B072-4BBD-8AA0-2EC2A4A52C1D}.Release|Any CPU.ActiveCfg = Release|Any CPU
		{DE604945-B072-4BBD-8AA0-2EC2A4A52C1D}.Release|Any CPU.Build.0 = Release|Any CPU
		{015FFEA0-684D-4D71-8045-CF3B3A9450BB}.Debug|Any CPU.ActiveCfg = Debug|Any CPU
		{015FFEA0-684D-4D71-8045-CF3B3A9450BB}.Debug|Any CPU.Build.0 = Debug|Any CPU
		{015FFEA0-684D-4D71-8045-CF3B3A9450BB}.Release|Any CPU.ActiveCfg = Release|Any CPU
		{015FFEA0-684D-4D71-8045-CF3B3A9450BB}.Release|Any CPU.Build.0 = Release|Any CPU
		{C5813FFC-CBE2-4A60-B420-907F6F66C725}.Debug|Any CPU.ActiveCfg = Debug|Any CPU
		{C5813FFC-CBE2-4A60-B420-907F6F66C725}.Debug|Any CPU.Build.0 = Debug|Any CPU
		{C5813FFC-CBE2-4A60-B420-907F6F66C725}.Release|Any CPU.ActiveCfg = Release|Any CPU
		{C5813FFC-CBE2-4A60-B420-907F6F66C725}.Release|Any CPU.Build.0 = Release|Any CPU
		{D03ED405-6085-4C81-A0BE-C1B046E57316}.Debug|Any CPU.ActiveCfg = Debug|Any CPU
		{D03ED405-6085-4C81-A0BE-C1B046E57316}.Debug|Any CPU.Build.0 = Debug|Any CPU
		{D03ED405-6085-4C81-A0BE-C1B046E57316}.Release|Any CPU.ActiveCfg = Release|Any CPU
		{D03ED405-6085-4C81-A0BE-C1B046E57316}.Release|Any CPU.Build.0 = Release|Any CPU
		{2E7A3F29-5D83-4316-98C4-EEE5CF0B9B3D}.Debug|Any CPU.ActiveCfg = Debug|Any CPU
		{2E7A3F29-5D83-4316-98C4-EEE5CF0B9B3D}.Debug|Any CPU.Build.0 = Debug|Any CPU
		{2E7A3F29-5D83-4316-98C4-EEE5CF0B9B3D}.Release|Any CPU.ActiveCfg = Release|Any CPU
		{2E7A3F29-5D83-4316-98C4-EEE5CF0B9B3D}.Release|Any CPU.Build.0 = Release|Any CPU
		{AE326710-21D6-49FD-8E18-DF9BC9C2E119}.Debug|Any CPU.ActiveCfg = Debug|Any CPU
		{AE326710-21D6-49FD-8E18-DF9BC9C2E119}.Debug|Any CPU.Build.0 = Debug|Any CPU
		{AE326710-21D6-49FD-8E18-DF9BC9C2E119}.Release|Any CPU.ActiveCfg = Release|Any CPU
		{AE326710-21D6-49FD-8E18-DF9BC9C2E119}.Release|Any CPU.Build.0 = Release|Any CPU
	EndGlobalSection
	GlobalSection(SolutionProperties) = preSolution
		HideSolutionNode = FALSE
	EndGlobalSection
	GlobalSection(NestedProjects) = preSolution
		{82831A7E-74D4-4197-ABAA-3A85BF818E58} = {DEEA8121-017F-4A4B-A325-9BEB6BF9C4B1}
		{C73D8813-9195-4F7B-92E6-1E6582451B02} = {82831A7E-74D4-4197-ABAA-3A85BF818E58}
		{91569F12-055E-4DFC-8D43-65FE4CAF0228} = {DEEA8121-017F-4A4B-A325-9BEB6BF9C4B1}
		{23043256-24A8-460B-804C-158D5F99464A} = {91569F12-055E-4DFC-8D43-65FE4CAF0228}
		{51DB36C3-8716-411D-A5CB-17EC67DA40F3} = {91569F12-055E-4DFC-8D43-65FE4CAF0228}
		{08943222-3ED5-4967-BEA2-888D8FCE1A06} = {DEEA8121-017F-4A4B-A325-9BEB6BF9C4B1}
		{89D730DA-5522-42CC-92B9-E7B0930772B7} = {08943222-3ED5-4967-BEA2-888D8FCE1A06}
		{BEB00A01-22A8-4B7C-8F42-8EB2587DC564} = {08943222-3ED5-4967-BEA2-888D8FCE1A06}
		{35EDA94D-4A1D-4721-B5E1-ED30E7C5D19D} = {2503B735-93E5-48F2-8730-787BC1FABFD3}
		{48FF4D32-298C-4949-9825-323705425E65} = {2503B735-93E5-48F2-8730-787BC1FABFD3}
		{8545A72A-9E5C-4D2D-8AAF-C64E770E2391} = {2503B735-93E5-48F2-8730-787BC1FABFD3}
		{82FD4929-2276-4EDB-AEDB-0040925CEE8C} = {35EDA94D-4A1D-4721-B5E1-ED30E7C5D19D}
		{775E2BB8-8294-4442-9E8E-8294DE0BC619} = {8545A72A-9E5C-4D2D-8AAF-C64E770E2391}
		{A191426C-345B-40F4-A2E5-EC807F3FCEA3} = {8545A72A-9E5C-4D2D-8AAF-C64E770E2391}
		{49818C1D-699F-4B17-A212-E1A883B53236} = {48FF4D32-298C-4949-9825-323705425E65}
		{DE604945-B072-4BBD-8AA0-2EC2A4A52C1D} = {48FF4D32-298C-4949-9825-323705425E65}
		{56A41943-4E8E-4131-A876-9B48F5AF3BCD} = {0390F8CB-C25B-4FA0-9870-8713A36183D9}
		{015FFEA0-684D-4D71-8045-CF3B3A9450BB} = {56A41943-4E8E-4131-A876-9B48F5AF3BCD}
		{B44D763D-FFEF-45F8-BC51-F8AAACC5080D} = {0390F8CB-C25B-4FA0-9870-8713A36183D9}
		{41D88B43-15B6-4E6A-AB8E-9D754EDC0F7E} = {0390F8CB-C25B-4FA0-9870-8713A36183D9}
		{C5813FFC-CBE2-4A60-B420-907F6F66C725} = {B44D763D-FFEF-45F8-BC51-F8AAACC5080D}
		{D03ED405-6085-4C81-A0BE-C1B046E57316} = {B44D763D-FFEF-45F8-BC51-F8AAACC5080D}
		{2E7A3F29-5D83-4316-98C4-EEE5CF0B9B3D} = {41D88B43-15B6-4E6A-AB8E-9D754EDC0F7E}
		{AE326710-21D6-49FD-8E18-DF9BC9C2E119} = {41D88B43-15B6-4E6A-AB8E-9D754EDC0F7E}
	EndGlobalSection
	GlobalSection(ExtensibilityGlobals) = postSolution
		SolutionGuid = {D8E6326D-AC14-4F52-9BC1-28C283EE0492}
	EndGlobalSection
EndGlobal
